
Microsoft Visual Studio Solution File, Format Version 12.00
# Visual Studio Version 16
VisualStudioVersion = 16.0.29209.62
MinimumVisualStudioVersion = 10.0.40219.1
Project("{FAE04EC0-301F-11D3-BF4B-00C04F79EFBC}") = "ShyHeaderPivot", "ShyHeaderPivot.csproj", "{9FF0C1B0-C1BC-4E65-BF02-D21CE61D271B}"
EndProject
Global
	GlobalSection(SolutionConfigurationPlatforms) = preSolution
		Debug|ARM = Debug|ARM
		Debug|ARM64 = Debug|ARM64
		Debug|x64 = Debug|x64
		Debug|x86 = Debug|x86
		Release|ARM = Release|ARM
		Release|ARM64 = Release|ARM64
		Release|x64 = Release|x64
		Release|x86 = Release|x86
	EndGlobalSection
	GlobalSection(ProjectConfigurationPlatforms) = postSolution
		{9FF0C1B0-C1BC-4E65-BF02-D21CE61D271B}.Debug|ARM.ActiveCfg = Debug|ARM
		{9FF0C1B0-C1BC-4E65-BF02-D21CE61D271B}.Debug|ARM.Build.0 = Debug|ARM
		{9FF0C1B0-C1BC-4E65-BF02-D21CE61D271B}.Debug|ARM.Deploy.0 = Debug|ARM
		{9FF0C1B0-C1BC-4E65-BF02-D21CE61D271B}.Debug|ARM64.ActiveCfg = Debug|ARM64
		{9FF0C1B0-C1BC-4E65-BF02-D21CE61D271B}.Debug|ARM64.Build.0 = Debug|ARM64
		{9FF0C1B0-C1BC-4E65-BF02-D21CE61D271B}.Debug|ARM64.Deploy.0 = Debug|ARM64
		{9FF0C1B0-C1BC-4E65-BF02-D21CE61D271B}.Debug|x64.ActiveCfg = Debug|x64
		{9FF0C1B0-C1BC-4E65-BF02-D21CE61D271B}.Debug|x64.Build.0 = Debug|x64
		{9FF0C1B0-C1BC-4E65-BF02-D21CE61D271B}.Debug|x64.Deploy.0 = Debug|x64
		{9FF0C1B0-C1BC-4E65-BF02-D21CE61D271B}.Debug|x86.ActiveCfg = Debug|x86
		{9FF0C1B0-C1BC-4E65-BF02-D21CE61D271B}.Debug|x86.Build.0 = Debug|x86
		{9FF0C1B0-C1BC-4E65-BF02-D21CE61D271B}.Debug|x86.Deploy.0 = Debug|x86
		{9FF0C1B0-C1BC-4E65-BF02-D21CE61D271B}.Release|ARM.ActiveCfg = Release|ARM
		{9FF0C1B0-C1BC-4E65-BF02-D21CE61D271B}.Release|ARM.Build.0 = Release|ARM
		{9FF0C1B0-C1BC-4E65-BF02-D21CE61D271B}.Release|ARM.Deploy.0 = Release|ARM
		{9FF0C1B0-C1BC-4E65-BF02-D21CE61D271B}.Release|ARM64.ActiveCfg = Release|ARM64
		{9FF0C1B0-C1BC-4E65-BF02-D21CE61D271B}.Release|ARM64.Build.0 = Release|ARM64
		{9FF0C1B0-C1BC-4E65-BF02-D21CE61D271B}.Release|ARM64.Deploy.0 = Release|ARM64
		{9FF0C1B0-C1BC-4E65-BF02-D21CE61D271B}.Release|x64.ActiveCfg = Release|x64
		{9FF0C1B0-C1BC-4E65-BF02-D21CE61D271B}.Release|x64.Build.0 = Release|x64
		{9FF0C1B0-C1BC-4E65-BF02-D21CE61D271B}.Release|x64.Deploy.0 = Release|x64
		{9FF0C1B0-C1BC-4E65-BF02-D21CE61D271B}.Release|x86.ActiveCfg = Release|x86
		{9FF0C1B0-C1BC-4E65-BF02-D21CE61D271B}.Release|x86.Build.0 = Release|x86
		{9FF0C1B0-C1BC-4E65-BF02-D21CE61D271B}.Release|x86.Deploy.0 = Release|x86
	EndGlobalSection
	GlobalSection(SolutionProperties) = preSolution
		HideSolutionNode = FALSE
	EndGlobalSection
	GlobalSection(ExtensibilityGlobals) = postSolution
		SolutionGuid = {D712865C-0F39-4AB2-8AFD-33AEA2EC5894}
	EndGlobalSection
EndGlobal
